Microsoft Visual Studio Solution File, Format Version 12.00
# Visual Studio Version 17
VisualStudioVersion = 17.5.2.0
MinimumVisualStudioVersion = 10.0.40219.1
Project("{FAE04EC0-301F-11D3-BF4B-00C04F79EFBC}") = "JsonCreater", "JsonCreater.csproj", "{3745E34F-9388-15AD-C740-EBA30F572E4E}"
EndProject
Global
	GlobalSection(SolutionConfigurationPlatforms) = preSolution
		Debug|Any CPU = Debug|Any CPU
		Release|Any CPU = Release|Any CPU
	EndGlobalSection
	GlobalSection(ProjectConfigurationPlatforms) = postSolution
		{3745E34F-9388-15AD-C740-EBA30F572E4E}.Debug|Any CPU.ActiveCfg = Debug|Any CPU
		{3745E34F-9388-15AD-C740-EBA30F572E4E}.Debug|Any CPU.Build.0 = Debug|Any CPU
		{3745E34F-9388-15AD-C740-EBA30F572E4E}.Release|Any CPU.ActiveCfg = Release|Any CPU
		{3745E34F-9388-15AD-C740-EBA30F572E4E}.Release|Any CPU.Build.0 = Release|Any CPU
	EndGlobalSection
	GlobalSection(SolutionProperties) = preSolution
		HideSolutionNode = FALSE
	EndGlobalSection
	GlobalSection(ExtensibilityGlobals) = postSolution
		SolutionGuid = {70603AC5-2A29-4E4D-BC7B-F914B35B6697}
	EndGlobalSection
EndGlobal
